
Microsoft Visual Studio Solution File, Format Version 12.00
# Visual Studio 14
VisualStudioVersion = 14.0.23107.0
MinimumVisualStudioVersion = 10.0.40219.1
Project("{FAE04EC0-301F-11D3-BF4B-00C04F79EFBC}") = "GAFPAY", "GAFPAY\GAFPAY.csproj", "{EC19178F-4772-4F36-88F1-293ACE838BBB}"
EndProject
Project("{F14B399A-7131-4C87-9E4B-1186C45EF12D}") = "GAFPAYReports", "GAFPAYReports\GAFPAYReports.rptproj", "{F612EC53-AB9E-4977-B109-4B1C761584DF}"
EndProject
Global
	GlobalSection(SolutionConfigurationPlatforms) = preSolution
		Debug|Any CPU = Debug|Any CPU
		DebugLocal|Any CPU = DebugLocal|Any CPU
		Release|Any CPU = Release|Any CPU
	EndGlobalSection
	GlobalSection(ProjectConfigurationPlatforms) = postSolution
		{EC19178F-4772-4F36-88F1-293ACE838BBB}.Debug|Any CPU.ActiveCfg = Debug|Any CPU
		{EC19178F-4772-4F36-88F1-293ACE838BBB}.Debug|Any CPU.Build.0 = Debug|Any CPU
		{EC19178F-4772-4F36-88F1-293ACE838BBB}.DebugLocal|Any CPU.ActiveCfg = Debug|Any CPU
		{EC19178F-4772-4F36-88F1-293ACE838BBB}.DebugLocal|Any CPU.Build.0 = Debug|Any CPU
		{EC19178F-4772-4F36-88F1-293ACE838BBB}.Release|Any CPU.ActiveCfg = Release|Any CPU
		{EC19178F-4772-4F36-88F1-293ACE838BBB}.Release|Any CPU.Build.0 = Release|Any CPU
		{F612EC53-AB9E-4977-B109-4B1C761584DF}.Debug|Any CPU.ActiveCfg = Debug
		{F612EC53-AB9E-4977-B109-4B1C761584DF}.Debug|Any CPU.Build.0 = Debug
		{F612EC53-AB9E-4977-B109-4B1C761584DF}.Debug|Any CPU.Deploy.0 = Debug
		{F612EC53-AB9E-4977-B109-4B1C761584DF}.DebugLocal|Any CPU.ActiveCfg = DebugLocal
		{F612EC53-AB9E-4977-B109-4B1C761584DF}.DebugLocal|Any CPU.Build.0 = DebugLocal
		{F612EC53-AB9E-4977-B109-4B1C761584DF}.Release|Any CPU.ActiveCfg = Release
		{F612EC53-AB9E-4977-B109-4B1C761584DF}.Release|Any CPU.Build.0 = Release
		{F612EC53-AB9E-4977-B109-4B1C761584DF}.Release|Any CPU.Deploy.0 = Release
	EndGlobalSection
	GlobalSection(SolutionProperties) = preSolution
		HideSolutionNode = FALSE
	EndGlobalSection
EndGlobal
